
Microsoft Visual Studio Solution File, Format Version 12.00
# Visual Studio Version 17
VisualStudioVersion = 17.5.002.0
MinimumVisualStudioVersion = 10.0.40219.1
Project("{9A19103F-16F7-4668-BE54-9A1E7A4F7556}") = "milemanagement", "milemanagement\milemanagement.csproj", "{A8A16CB3-60E6-4175-ACA7-99EA4C20F53D}"
EndProject
Global
	GlobalSection(SolutionConfigurationPlatforms) = preSolution
		Debug|Any CPU = Debug|Any CPU
		Release|Any CPU = Release|Any CPU
	EndGlobalSection
	GlobalSection(ProjectConfigurationPlatforms) = postSolution
		{A8A16CB3-60E6-4175-ACA7-99EA4C20F53D}.Debug|Any CPU.ActiveCfg = Debug|Any CPU
		{A8A16CB3-60E6-4175-ACA7-99EA4C20F53D}.Debug|Any CPU.Build.0 = Debug|Any CPU
		{A8A16CB3-60E6-4175-ACA7-99EA4C20F53D}.Release|Any CPU.ActiveCfg = Release|Any CPU
		{A8A16CB3-60E6-4175-ACA7-99EA4C20F53D}.Release|Any CPU.Build.0 = Release|Any CPU
	EndGlobalSection
	GlobalSection(SolutionProperties) = preSolution
		HideSolutionNode = FALSE
	EndGlobalSection
	GlobalSection(ExtensibilityGlobals) = postSolution
		SolutionGuid = {BDD00727-63CA-4CFB-A829-EBB512533934}
	EndGlobalSection
EndGlobal
